
Microsoft Visual Studio Solution File, Format Version 12.00
Project("{FAE04EC0-301F-11D3-BF4B-00C04F79EFBC}") = "p2c.api", "p2c.api.csproj", "{EC8190D3-99F4-4252-88C5-1F5C08103B88}"
EndProject
Global
	GlobalSection(SolutionConfigurationPlatforms) = preSolution
		Debug|Any CPU = Debug|Any CPU
		Release|Any CPU = Release|Any CPU
	EndGlobalSection
	GlobalSection(ProjectConfigurationPlatforms) = postSolution
		{EC8190D3-99F4-4252-88C5-1F5C08103B88}.Debug|Any CPU.ActiveCfg = Debug|Any CPU
		{EC8190D3-99F4-4252-88C5-1F5C08103B88}.Debug|Any CPU.Build.0 = Debug|Any CPU
		{EC8190D3-99F4-4252-88C5-1F5C08103B88}.Release|Any CPU.ActiveCfg = Release|Any CPU
		{EC8190D3-99F4-4252-88C5-1F5C08103B88}.Release|Any CPU.Build.0 = Release|Any CPU
	EndGlobalSection
EndGlobal
